
Microsoft Visual Studio Solution File, Format Version 12.00
# Visual Studio Version 17
VisualStudioVersion = 17.11.35312.102
MinimumVisualStudioVersion = 10.0.40219.1
Project("{F2A71F9B-5D33-465A-A702-920D77279786}") = "laboratorium6", "laboratorium6\laboratorium6.fsproj", "{A8F75F49-4AEB-498D-83BF-3ECB451F5872}"
EndProject
Global
	GlobalSection(SolutionConfigurationPlatforms) = preSolution
		Debug|Any CPU = Debug|Any CPU
		Release|Any CPU = Release|Any CPU
	EndGlobalSection
	GlobalSection(ProjectConfigurationPlatforms) = postSolution
		{A8F75F49-4AEB-498D-83BF-3ECB451F5872}.Debug|Any CPU.ActiveCfg = Debug|Any CPU
		{A8F75F49-4AEB-498D-83BF-3ECB451F5872}.Debug|Any CPU.Build.0 = Debug|Any CPU
		{A8F75F49-4AEB-498D-83BF-3ECB451F5872}.Release|Any CPU.ActiveCfg = Release|Any CPU
		{A8F75F49-4AEB-498D-83BF-3ECB451F5872}.Release|Any CPU.Build.0 = Release|Any CPU
	EndGlobalSection
	GlobalSection(SolutionProperties) = preSolution
		HideSolutionNode = FALSE
	EndGlobalSection
	GlobalSection(ExtensibilityGlobals) = postSolution
		SolutionGuid = {3D058704-2ED1-451F-B3C6-DE995B05DE7A}
	EndGlobalSection
EndGlobal
