
Microsoft Visual Studio Solution File, Format Version 12.00
# Visual Studio Version 17
VisualStudioVersion = 17.11.35312.102
MinimumVisualStudioVersion = 10.0.40219.1
Project("{F2A71F9B-5D33-465A-A702-920D77279786}") = "lab7", "lab7\lab7.fsproj", "{FA0562D2-4982-453A-BD7D-B74F12EB6721}"
EndProject
Global
	GlobalSection(SolutionConfigurationPlatforms) = preSolution
		Debug|Any CPU = Debug|Any CPU
		Release|Any CPU = Release|Any CPU
	EndGlobalSection
	GlobalSection(ProjectConfigurationPlatforms) = postSolution
		{FA0562D2-4982-453A-BD7D-B74F12EB6721}.Debug|Any CPU.ActiveCfg = Debug|Any CPU
		{FA0562D2-4982-453A-BD7D-B74F12EB6721}.Debug|Any CPU.Build.0 = Debug|Any CPU
		{FA0562D2-4982-453A-BD7D-B74F12EB6721}.Release|Any CPU.ActiveCfg = Release|Any CPU
		{FA0562D2-4982-453A-BD7D-B74F12EB6721}.Release|Any CPU.Build.0 = Release|Any CPU
	EndGlobalSection
	GlobalSection(SolutionProperties) = preSolution
		HideSolutionNode = FALSE
	EndGlobalSection
	GlobalSection(ExtensibilityGlobals) = postSolution
		SolutionGuid = {BEC326F2-22F1-4F08-93D8-32D628C4CAF4}
	EndGlobalSection
EndGlobal
